{
  "version": 4,
  "terraform_version": "1.13.1",
  "serial": 7,
  "lineage": "c5f4dbfb-e8ef-6877-8312-4adcd9a46848",
  "outputs": {
    "internet_gateway_id": {
      "value": "igw-043d11925b19d2600",
      "type": "string"
    },
    "private_subnet_cidrs": {
      "value": [
        "10.0.11.0/24",
        "10.0.12.0/24"
      ],
      "type": [
        "tuple",
        [
          "string",
          "string"
        ]
      ]
    },
    "private_subnet_ids": {
      "value": [
        "subnet-07f188f8be0bf8a8c",
        "subnet-08f86a9287e393bf8"
      ],
      "type": [
        "tuple",
        [
          "string",
          "string"
        ]
      ]
    },
    "public_subnet_cidrs": {
      "value": [
        "10.0.1.0/24",
        "10.0.2.0/24"
      ],
      "type": [
        "tuple",
        [
          "string",
          "string"
        ]
      ]
    },
    "public_subnet_ids": {
      "value": [
        "subnet-05e9c622dc0c066d2",
        "subnet-084a526982c84390e"
      ],
      "type": [
        "tuple",
        [
          "string",
          "string"
        ]
      ]
    },
    "vpc_cidr_block": {
      "value": "10.0.0.0/16",
      "type": "string"
    },
    "vpc_id": {
      "value": "vpc-0ebecc8f6c486d5c9",
      "type": "string"
    }
  },
  "resources": [
    {
      "module": "module.subnet",
      "mode": "managed",
      "type": "aws_subnet",
      "name": "private",
      "provider": "provider[\"registry.terraform.io/hashicorp/aws\"]",
      "instances": [
        {
          "index_key": 0,
          "schema_version": 1,
          "attributes": {
            "arn": "arn:aws:ec2:us-west-1:280203605671:subnet/subnet-07f188f8be0bf8a8c",
            "assign_ipv6_address_on_creation": false,
            "availability_zone": "us-west-1a",
            "availability_zone_id": "usw1-az3",
            "cidr_block": "10.0.11.0/24",
            "customer_owned_ipv4_pool": "",
            "enable_dns64": false,
            "enable_lni_at_device_index": 0,
            "enable_resource_name_dns_a_record_on_launch": false,
            "enable_resource_name_dns_aaaa_record_on_launch": false,
            "id": "subnet-07f188f8be0bf8a8c",
            "ipv6_cidr_block": "",
            "ipv6_cidr_block_association_id": "",
            "ipv6_native": false,
            "map_customer_owned_ip_on_launch": false,
            "map_public_ip_on_launch": false,
            "outpost_arn": "",
            "owner_id": "280203605671",
            "private_dns_hostname_type_on_launch": "ip-name",
            "region": "us-west-1",
            "tags": {
              "Environment": "dev",
              "ManagedBy": "Terraform",
              "Name": "zerotrust-ecs-dev-private-us-west-1a",
              "Project": "zerotrust-ecs",
              "Tier": "Private",
              "Type": "Private"
            },
            "tags_all": {
              "Environment": "dev",
              "ManagedBy": "Terraform",
              "Name": "zerotrust-ecs-dev-private-us-west-1a",
              "Project": "zerotrust-ecs",
              "Tier": "Private",
              "Type": "Private"
            },
            "timeouts": null,
            "vpc_id": "vpc-0ebecc8f6c486d5c9"
          },
          "sensitive_attributes": [],
          "identity_schema_version": 0,
          "identity": {
            "account_id": "280203605671",
            "id": "subnet-07f188f8be0bf8a8c",
            "region": "us-west-1"
          },
          "private": "eyJlMmJmYjczMC1lY2FhLTExZTYtOGY4OC0zNDM2M2JjN2M0YzAiOnsiY3JlYXRlIjo2MDAwMDAwMDAwMDAsImRlbGV0ZSI6MTIwMDAwMDAwMDAwMH0sInNjaGVtYV92ZXJzaW9uIjoiMSJ9",
          "dependencies": [
            "module.vpc.aws_vpc.main"
          ]
        },
        {
          "index_key": 1,
          "schema_version": 1,
          "attributes": {
            "arn": "arn:aws:ec2:us-west-1:280203605671:subnet/subnet-08f86a9287e393bf8",
            "assign_ipv6_address_on_creation": false,
            "availability_zone": "us-west-1b",
            "availability_zone_id": "usw1-az1",
            "cidr_block": "10.0.12.0/24",
            "customer_owned_ipv4_pool": "",
            "enable_dns64": false,
            "enable_lni_at_device_index": 0,
            "enable_resource_name_dns_a_record_on_launch": false,
            "enable_resource_name_dns_aaaa_record_on_launch": false,
            "id": "subnet-08f86a9287e393bf8",
            "ipv6_cidr_block": "",
            "ipv6_cidr_block_association_id": "",
            "ipv6_native": false,
            "map_customer_owned_ip_on_launch": false,
            "map_public_ip_on_launch": false,
            "outpost_arn": "",
            "owner_id": "280203605671",
            "private_dns_hostname_type_on_launch": "ip-name",
            "region": "us-west-1",
            "tags": {
              "Environment": "dev",
              "ManagedBy": "Terraform",
              "Name": "zerotrust-ecs-dev-private-us-west-1b",
              "Project": "zerotrust-ecs",
              "Tier": "Private",
              "Type": "Private"
            },
            "tags_all": {
              "Environment": "dev",
              "ManagedBy": "Terraform",
              "Name": "zerotrust-ecs-dev-private-us-west-1b",
              "Project": "zerotrust-ecs",
              "Tier": "Private",
              "Type": "Private"
            },
            "timeouts": null,
            "vpc_id": "vpc-0ebecc8f6c486d5c9"
          },
          "sensitive_attributes": [],
          "identity_schema_version": 0,
          "identity": {
            "account_id": "280203605671",
            "id": "subnet-08f86a9287e393bf8",
            "region": "us-west-1"
          },
          "private": "eyJlMmJmYjczMC1lY2FhLTExZTYtOGY4OC0zNDM2M2JjN2M0YzAiOnsiY3JlYXRlIjo2MDAwMDAwMDAwMDAsImRlbGV0ZSI6MTIwMDAwMDAwMDAwMH0sInNjaGVtYV92ZXJzaW9uIjoiMSJ9",
          "dependencies": [
            "module.vpc.aws_vpc.main"
          ]
        }
      ]
    },
    {
      "module": "module.subnet",
      "mode": "managed",
      "type": "aws_subnet",
      "name": "public",
      "provider": "provider[\"registry.terraform.io/hashicorp/aws\"]",
      "instances": [
        {
          "index_key": 0,
          "schema_version": 1,
          "attributes": {
            "arn": "arn:aws:ec2:us-west-1:280203605671:subnet/subnet-05e9c622dc0c066d2",
            "assign_ipv6_address_on_creation": false,
            "availability_zone": "us-west-1a",
            "availability_zone_id": "usw1-az3",
            "cidr_block": "10.0.1.0/24",
            "customer_owned_ipv4_pool": "",
            "enable_dns64": false,
            "enable_lni_at_device_index": 0,
            "enable_resource_name_dns_a_record_on_launch": false,
            "enable_resource_name_dns_aaaa_record_on_launch": false,
            "id": "subnet-05e9c622dc0c066d2",
            "ipv6_cidr_block": "",
            "ipv6_cidr_block_association_id": "",
            "ipv6_native": false,
            "map_customer_owned_ip_on_launch": false,
            "map_public_ip_on_launch": true,
            "outpost_arn": "",
            "owner_id": "280203605671",
            "private_dns_hostname_type_on_launch": "ip-name",
            "region": "us-west-1",
            "tags": {
              "Environment": "dev",
              "ManagedBy": "Terraform",
              "Name": "zerotrust-ecs-dev-public-us-west-1a",
              "Project": "zerotrust-ecs",
              "Tier": "Public",
              "Type": "Public"
            },
            "tags_all": {
              "Environment": "dev",
              "ManagedBy": "Terraform",
              "Name": "zerotrust-ecs-dev-public-us-west-1a",
              "Project": "zerotrust-ecs",
              "Tier": "Public",
              "Type": "Public"
            },
            "timeouts": null,
            "vpc_id": "vpc-0ebecc8f6c486d5c9"
          },
          "sensitive_attributes": [],
          "identity_schema_version": 0,
          "identity": {
            "account_id": "280203605671",
            "id": "subnet-05e9c622dc0c066d2",
            "region": "us-west-1"
          },
          "private": "eyJlMmJmYjczMC1lY2FhLTExZTYtOGY4OC0zNDM2M2JjN2M0YzAiOnsiY3JlYXRlIjo2MDAwMDAwMDAwMDAsImRlbGV0ZSI6MTIwMDAwMDAwMDAwMH0sInNjaGVtYV92ZXJzaW9uIjoiMSJ9",
          "dependencies": [
            "module.vpc.aws_vpc.main"
          ]
        },
        {
          "index_key": 1,
          "schema_version": 1,
          "attributes": {
            "arn": "arn:aws:ec2:us-west-1:280203605671:subnet/subnet-084a526982c84390e",
            "assign_ipv6_address_on_creation": false,
            "availability_zone": "us-west-1b",
            "availability_zone_id": "usw1-az1",
            "cidr_block": "10.0.2.0/24",
            "customer_owned_ipv4_pool": "",
            "enable_dns64": false,
            "enable_lni_at_device_index": 0,
            "enable_resource_name_dns_a_record_on_launch": false,
            "enable_resource_name_dns_aaaa_record_on_launch": false,
            "id": "subnet-084a526982c84390e",
            "ipv6_cidr_block": "",
            "ipv6_cidr_block_association_id": "",
            "ipv6_native": false,
            "map_customer_owned_ip_on_launch": false,
            "map_public_ip_on_launch": true,
            "outpost_arn": "",
            "owner_id": "280203605671",
            "private_dns_hostname_type_on_launch": "ip-name",
            "region": "us-west-1",
            "tags": {
              "Environment": "dev",
              "ManagedBy": "Terraform",
              "Name": "zerotrust-ecs-dev-public-us-west-1b",
              "Project": "zerotrust-ecs",
              "Tier": "Public",
              "Type": "Public"
            },
            "tags_all": {
              "Environment": "dev",
              "ManagedBy": "Terraform",
              "Name": "zerotrust-ecs-dev-public-us-west-1b",
              "Project": "zerotrust-ecs",
              "Tier": "Public",
              "Type": "Public"
            },
            "timeouts": null,
            "vpc_id": "vpc-0ebecc8f6c486d5c9"
          },
          "sensitive_attributes": [],
          "identity_schema_version": 0,
          "identity": {
            "account_id": "280203605671",
            "id": "subnet-084a526982c84390e",
            "region": "us-west-1"
          },
          "private": "eyJlMmJmYjczMC1lY2FhLTExZTYtOGY4OC0zNDM2M2JjN2M0YzAiOnsiY3JlYXRlIjo2MDAwMDAwMDAwMDAsImRlbGV0ZSI6MTIwMDAwMDAwMDAwMH0sInNjaGVtYV92ZXJzaW9uIjoiMSJ9",
          "dependencies": [
            "module.vpc.aws_vpc.main"
          ]
        }
      ]
    },
    {
      "module": "module.vpc",
      "mode": "managed",
      "type": "aws_internet_gateway",
      "name": "main",
      "provider": "provider[\"registry.terraform.io/hashicorp/aws\"]",
      "instances": [
        {
          "schema_version": 0,
          "attributes": {
            "arn": "arn:aws:ec2:us-west-1:280203605671:internet-gateway/igw-043d11925b19d2600",
            "id": "igw-043d11925b19d2600",
            "owner_id": "280203605671",
            "region": "us-west-1",
            "tags": {
              "Environment": "dev",
              "ManagedBy": "Terraform",
              "Name": "zerotrust-ecs-dev-igw",
              "Project": "zerotrust-ecs"
            },
            "tags_all": {
              "Environment": "dev",
              "ManagedBy": "Terraform",
              "Name": "zerotrust-ecs-dev-igw",
              "Project": "zerotrust-ecs"
            },
            "timeouts": null,
            "vpc_id": "vpc-0ebecc8f6c486d5c9"
          },
          "sensitive_attributes": [],
          "identity_schema_version": 0,
          "private": "eyJlMmJmYjczMC1lY2FhLTExZTYtOGY4OC0zNDM2M2JjN2M0YzAiOnsiY3JlYXRlIjoxMjAwMDAwMDAwMDAwLCJkZWxldGUiOjEyMDAwMDAwMDAwMDAsInVwZGF0ZSI6MTIwMDAwMDAwMDAwMH19",
          "dependencies": [
            "module.vpc.aws_vpc.main"
          ]
        }
      ]
    },
    {
      "module": "module.vpc",
      "mode": "managed",
      "type": "aws_vpc",
      "name": "main",
      "provider": "provider[\"registry.terraform.io/hashicorp/aws\"]",
      "instances": [
        {
          "schema_version": 1,
          "attributes": {
            "arn": "arn:aws:ec2:us-west-1:280203605671:vpc/vpc-0ebecc8f6c486d5c9",
            "assign_generated_ipv6_cidr_block": false,
            "cidr_block": "10.0.0.0/16",
            "default_network_acl_id": "acl-0ba3b7573098b8c57",
            "default_route_table_id": "rtb-074eba6d52e5f3288",
            "default_security_group_id": "sg-08f8b924b47cb4a15",
            "dhcp_options_id": "dopt-08f49a3d26f68c52d",
            "enable_dns_hostnames": true,
            "enable_dns_support": true,
            "enable_network_address_usage_metrics": false,
            "id": "vpc-0ebecc8f6c486d5c9",
            "instance_tenancy": "default",
            "ipv4_ipam_pool_id": null,
            "ipv4_netmask_length": null,
            "ipv6_association_id": "",
            "ipv6_cidr_block": "",
            "ipv6_cidr_block_network_border_group": "",
            "ipv6_ipam_pool_id": "",
            "ipv6_netmask_length": 0,
            "main_route_table_id": "rtb-074eba6d52e5f3288",
            "owner_id": "280203605671",
            "region": "us-west-1",
            "tags": {
              "Environment": "dev",
              "ManagedBy": "Terraform",
              "Name": "zerotrust-ecs-dev-vpc",
              "Project": "zerotrust-ecs"
            },
            "tags_all": {
              "Environment": "dev",
              "ManagedBy": "Terraform",
              "Name": "zerotrust-ecs-dev-vpc",
              "Project": "zerotrust-ecs"
            }
          },
          "sensitive_attributes": [],
          "identity_schema_version": 0,
          "private": "eyJzY2hlbWFfdmVyc2lvbiI6IjEifQ=="
        }
      ]
    }
  ],
  "check_results": null
}
